
Microsoft Visual Studio Solution File, Format Version 12.00
# Visual Studio Version 17
VisualStudioVersion = 17.7.34024.191
MinimumVisualStudioVersion = 10.0.40219.1
Project("{FAE04EC0-301F-11D3-BF4B-00C04F79EFBC}") = "TopScorer", "TopScorer\TopScorer.csproj", "{A26BB4D8-7B56-4CCD-8A18-5DAB0DADF034}"
EndProject
Global
	GlobalSection(SolutionConfigurationPlatforms) = preSolution
		Debug|Any CPU = Debug|Any CPU
		Release|Any CPU = Release|Any CPU
	EndGlobalSection
	GlobalSection(ProjectConfigurationPlatforms) = postSolution
		{A26BB4D8-7B56-4CCD-8A18-5DAB0DADF034}.Debug|Any CPU.ActiveCfg = Debug|Any CPU
		{A26BB4D8-7B56-4CCD-8A18-5DAB0DADF034}.Debug|Any CPU.Build.0 = Debug|Any CPU
		{A26BB4D8-7B56-4CCD-8A18-5DAB0DADF034}.Release|Any CPU.ActiveCfg = Release|Any CPU
		{A26BB4D8-7B56-4CCD-8A18-5DAB0DADF034}.Release|Any CPU.Build.0 = Release|Any CPU
	EndGlobalSection
	GlobalSection(SolutionProperties) = preSolution
		HideSolutionNode = FALSE
	EndGlobalSection
	GlobalSection(ExtensibilityGlobals) = postSolution
		SolutionGuid = {307F3476-E267-4BF4-88F3-9B2F86121791}
	EndGlobalSection
EndGlobal
